
Microsoft Visual Studio Solution File, Format Version 12.00
# Visual Studio 2012
Project("{FAE04EC0-301F-11D3-BF4B-00C04F79EFBC}") = "OAuth2ClientCredentialGrant", "OAuth2ClientCredentialGrant\OAuth2ClientCredentialGrant.csproj", "{4AEF2A2D-DF1C-4D1A-A383-B68E7A4427D8}"
EndProject
Project("{2150E333-8FDC-42A3-9474-1A3956D46DE8}") = ".nuget", ".nuget", "{024FFA77-D2B2-493B-8AB9-EA5D9199E92E}"
	ProjectSection(SolutionItems) = preProject
		.nuget\NuGet.Config = .nuget\NuGet.Config
		.nuget\NuGet.exe = .nuget\NuGet.exe
		.nuget\NuGet.targets = .nuget\NuGet.targets
	EndProjectSection
EndProject
Project("{FAE04EC0-301F-11D3-BF4B-00C04F79EFBC}") = "WebApiDemo", "WebApiDemo\WebApiDemo.csproj", "{2D6168BE-66C9-48DA-A92D-7F38A2CC9033}"
EndProject
Project("{FAE04EC0-301F-11D3-BF4B-00C04F79EFBC}") = "SimpleTest", "SimpleTest\SimpleTest.csproj", "{3B5EF2A3-F9E5-4083-90F3-E2F58F7DD1EE}"
EndProject
Global
	GlobalSection(SolutionConfigurationPlatforms) = preSolution
		Debug|Any CPU = Debug|Any CPU
		Release|Any CPU = Release|Any CPU
	EndGlobalSection
	GlobalSection(ProjectConfigurationPlatforms) = postSolution
		{4AEF2A2D-DF1C-4D1A-A383-B68E7A4427D8}.Debug|Any CPU.ActiveCfg = Debug|Any CPU
		{4AEF2A2D-DF1C-4D1A-A383-B68E7A4427D8}.Debug|Any CPU.Build.0 = Debug|Any CPU
		{4AEF2A2D-DF1C-4D1A-A383-B68E7A4427D8}.Release|Any CPU.ActiveCfg = Release|Any CPU
		{4AEF2A2D-DF1C-4D1A-A383-B68E7A4427D8}.Release|Any CPU.Build.0 = Release|Any CPU
		{2D6168BE-66C9-48DA-A92D-7F38A2CC9033}.Debug|Any CPU.ActiveCfg = Debug|Any CPU
		{2D6168BE-66C9-48DA-A92D-7F38A2CC9033}.Debug|Any CPU.Build.0 = Debug|Any CPU
		{2D6168BE-66C9-48DA-A92D-7F38A2CC9033}.Release|Any CPU.ActiveCfg = Release|Any CPU
		{2D6168BE-66C9-48DA-A92D-7F38A2CC9033}.Release|Any CPU.Build.0 = Release|Any CPU
		{3B5EF2A3-F9E5-4083-90F3-E2F58F7DD1EE}.Debug|Any CPU.ActiveCfg = Debug|Any CPU
		{3B5EF2A3-F9E5-4083-90F3-E2F58F7DD1EE}.Debug|Any CPU.Build.0 = Debug|Any CPU
		{3B5EF2A3-F9E5-4083-90F3-E2F58F7DD1EE}.Release|Any CPU.ActiveCfg = Release|Any CPU
		{3B5EF2A3-F9E5-4083-90F3-E2F58F7DD1EE}.Release|Any CPU.Build.0 = Release|Any CPU
	EndGlobalSection
	GlobalSection(SolutionProperties) = preSolution
		HideSolutionNode = FALSE
	EndGlobalSection
	GlobalSection(ExtensibilityGlobals) = postSolution
		EnterpriseLibraryConfigurationToolBinariesPathV6 = packages\EnterpriseLibrary.TransientFaultHandling.6.0.1304.0\lib\portable-net45+win+wp8
	EndGlobalSection
EndGlobal
